
Microsoft Visual Studio Solution File, Format Version 12.00
# Visual Studio Version 17
VisualStudioVersion = 17.4.33205.214
MinimumVisualStudioVersion = 10.0.40219.1
Project("{FAE04EC0-301F-11D3-BF4B-00C04F79EFBC}") = "simpleLocalLoginSystem", "simpleLocalLoginSystem\simpleLocalLoginSystem.csproj", "{7B9A9A5F-A66E-449E-84C0-3244329E3105}"
EndProject
Global
	GlobalSection(SolutionConfigurationPlatforms) = preSolution
		Debug|Any CPU = Debug|Any CPU
		Release|Any CPU = Release|Any CPU
	EndGlobalSection
	GlobalSection(ProjectConfigurationPlatforms) = postSolution
		{7B9A9A5F-A66E-449E-84C0-3244329E3105}.Debug|Any CPU.ActiveCfg = Debug|Any CPU
		{7B9A9A5F-A66E-449E-84C0-3244329E3105}.Debug|Any CPU.Build.0 = Debug|Any CPU
		{7B9A9A5F-A66E-449E-84C0-3244329E3105}.Release|Any CPU.ActiveCfg = Release|Any CPU
		{7B9A9A5F-A66E-449E-84C0-3244329E3105}.Release|Any CPU.Build.0 = Release|Any CPU
	EndGlobalSection
	GlobalSection(SolutionProperties) = preSolution
		HideSolutionNode = FALSE
	EndGlobalSection
	GlobalSection(ExtensibilityGlobals) = postSolution
		SolutionGuid = {6C0CD431-CAF3-4B2D-B054-9EA6A41DC001}
	EndGlobalSection
EndGlobal
